
Microsoft Visual Studio Solution File, Format Version 12.00
# Visual Studio Version 17
VisualStudioVersion = 17.5.002.0
MinimumVisualStudioVersion = 10.0.40219.1
Project("{9A19103F-16F7-4668-BE54-9A1E7A4F7556}") = "bababa", "bababa.csproj", "{D5A6EA92-32F1-4DAF-8B35-6F8F3D2495CA}"
EndProject
Global
	GlobalSection(SolutionConfigurationPlatforms) = preSolution
		Debug|Any CPU = Debug|Any CPU
		Release|Any CPU = Release|Any CPU
	EndGlobalSection
	GlobalSection(ProjectConfigurationPlatforms) = postSolution
		{D5A6EA92-32F1-4DAF-8B35-6F8F3D2495CA}.Debug|Any CPU.ActiveCfg = Debug|Any CPU
		{D5A6EA92-32F1-4DAF-8B35-6F8F3D2495CA}.Debug|Any CPU.Build.0 = Debug|Any CPU
		{D5A6EA92-32F1-4DAF-8B35-6F8F3D2495CA}.Release|Any CPU.ActiveCfg = Release|Any CPU
		{D5A6EA92-32F1-4DAF-8B35-6F8F3D2495CA}.Release|Any CPU.Build.0 = Release|Any CPU
	EndGlobalSection
	GlobalSection(SolutionProperties) = preSolution
		HideSolutionNode = FALSE
	EndGlobalSection
	GlobalSection(ExtensibilityGlobals) = postSolution
		SolutionGuid = {ED97DDD1-75D8-4844-8888-4C5AD77E6C30}
	EndGlobalSection
EndGlobal
